
Microsoft Visual Studio Solution File, Format Version 12.00
# Visual Studio 15
VisualStudioVersion = 15.0.26730.12
MinimumVisualStudioVersion = 10.0.40219.1
Project("{9A19103F-16F7-4668-BE54-9A1E7A4F7556}") = "LrControl.Plugin", "LrControl.Plugin\LrControl.Plugin.csproj", "{5E5DD1DF-4E81-459D-B8F7-690D78AEB31F}"
EndProject
Project("{9A19103F-16F7-4668-BE54-9A1E7A4F7556}") = "LrControl.Api", "LrControl.Api\LrControl.Api.csproj", "{F2948233-7CA5-41B8-84EC-0DD3C8D3176F}"
EndProject
Project("{9A19103F-16F7-4668-BE54-9A1E7A4F7556}") = "LrControl.Core", "LrControl.Core\LrControl.Core.csproj", "{F2E03799-9ABC-4A52-B702-25F226E4AA98}"
EndProject
Project("{FAE04EC0-301F-11D3-BF4B-00C04F79EFBC}") = "LrControl.Console", "LrControl.Console\LrControl.Console.csproj", "{AFCD0C58-E6C9-4088-B151-2154861E4FA4}"
EndProject
Global
	GlobalSection(SolutionConfigurationPlatforms) = preSolution
		Debug|Any CPU = Debug|Any CPU
		Release|Any CPU = Release|Any CPU
	EndGlobalSection
	GlobalSection(ProjectConfigurationPlatforms) = postSolution
		{5E5DD1DF-4E81-459D-B8F7-690D78AEB31F}.Debug|Any CPU.ActiveCfg = Debug|Any CPU
		{5E5DD1DF-4E81-459D-B8F7-690D78AEB31F}.Debug|Any CPU.Build.0 = Debug|Any CPU
		{5E5DD1DF-4E81-459D-B8F7-690D78AEB31F}.Release|Any CPU.ActiveCfg = Release|Any CPU
		{5E5DD1DF-4E81-459D-B8F7-690D78AEB31F}.Release|Any CPU.Build.0 = Release|Any CPU
		{F2948233-7CA5-41B8-84EC-0DD3C8D3176F}.Debug|Any CPU.ActiveCfg = Debug|Any CPU
		{F2948233-7CA5-41B8-84EC-0DD3C8D3176F}.Debug|Any CPU.Build.0 = Debug|Any CPU
		{F2948233-7CA5-41B8-84EC-0DD3C8D3176F}.Release|Any CPU.ActiveCfg = Release|Any CPU
		{F2948233-7CA5-41B8-84EC-0DD3C8D3176F}.Release|Any CPU.Build.0 = Release|Any CPU
		{F2E03799-9ABC-4A52-B702-25F226E4AA98}.Debug|Any CPU.ActiveCfg = Debug|Any CPU
		{F2E03799-9ABC-4A52-B702-25F226E4AA98}.Debug|Any CPU.Build.0 = Debug|Any CPU
		{F2E03799-9ABC-4A52-B702-25F226E4AA98}.Release|Any CPU.ActiveCfg = Release|Any CPU
		{F2E03799-9ABC-4A52-B702-25F226E4AA98}.Release|Any CPU.Build.0 = Release|Any CPU
		{AFCD0C58-E6C9-4088-B151-2154861E4FA4}.Debug|Any CPU.ActiveCfg = Debug|Any CPU
		{AFCD0C58-E6C9-4088-B151-2154861E4FA4}.Debug|Any CPU.Build.0 = Debug|Any CPU
		{AFCD0C58-E6C9-4088-B151-2154861E4FA4}.Release|Any CPU.ActiveCfg = Release|Any CPU
		{AFCD0C58-E6C9-4088-B151-2154861E4FA4}.Release|Any CPU.Build.0 = Release|Any CPU
	EndGlobalSection
	GlobalSection(SolutionProperties) = preSolution
		HideSolutionNode = FALSE
	EndGlobalSection
	GlobalSection(ExtensibilityGlobals) = postSolution
		SolutionGuid = {4E9DB943-07DB-4EB0-90A6-8E9612AF6937}
	EndGlobalSection
EndGlobal
